<?xml version="1.0" encoding="utf-8"?>
<Project ToolsVersion="4.0" xmlns="http://schemas.microsoft.com/developer/msbuild/2003">
  <ItemGroup>
    <Filter Include="Source Files">
      <UniqueIdentifier>{4FC737F1-C7A5-4376-A066-2A32D752A2FF}</UniqueIdentifier>
      <Extensions>cpp;c;cc;cxx;c++;cppm;ixx;def;odl;idl;hpj;bat;asm;asmx</Extensions>
    </Filter>
    <Filter Include="Header Files">
      <UniqueIdentifier>{93995380-89BD-4b04-88EB-625FBE52EBFB}</UniqueIdentifier>
      <Extensions>h;hh;hpp;hxx;h++;hm;inl;inc;ipp;xsd</Extensions>
    </Filter>
    <Filter Include="Resource Files">
      <UniqueIdentifier>{67DA6AB6-F800-4c08-8B7A-83BB121AAD01}</UniqueIdentifier>
      <Extensions>rc;ico;cur;bmp;dlg;rc2;rct;bin;rgs;gif;jpg;jpeg;jpe;resx;tiff;tif;png;wav;mfcribbon-ms</Extensions>
    </Filter>
  </ItemGroup>
  <ItemGroup>
    <ClInclude Include="src\lexer\token.h">
      <Filter>Header Files</Filter>
    </ClInclude>
    <ClInclude Include="src\lexer\token_type.h">
      <Filter>Header Files</Filter>
    </ClInclude>
    <ClInclude Include="src\lexer\lexer.h">
      <Filter>Header Files</Filter>
    </ClInclude>
    <ClInclude Include="src\parser\parser.h">
      <Filter>Header Files</Filter>
    </ClInclude>
    <ClInclude Include="src\lexer\token_utils.h">
      <Filter>Header Files</Filter>
    </ClInclude>
    <ClInclude Include="src\parser\ast\ast_node.h">
      <Filter>Header Files</Filter>
    </ClInclude>
    <ClInclude Include="src\parser\ast\program.h">
      <Filter>Header Files</Filter>
    </ClInclude>
    <ClInclude Include="src\parser\ast\ast.h">
      <Filter>Header Files</Filter>
    </ClInclude>
    <ClInclude Include="src\parser\types\types.h">
      <Filter>Header Files</Filter>
    </ClInclude>
    <ClInclude Include="src\parser\parser_utils.h">
      <Filter>Header Files</Filter>
    </ClInclude>
    <ClInclude Include="src\parser\ast\declerations\function_decleration.h">
      <Filter>Header Files</Filter>
    </ClInclude>
    <ClInclude Include="src\parser\ast\declerations\variable_decleration.h">
      <Filter>Header Files</Filter>
    </ClInclude>
    <ClInclude Include="src\parser\ast\statements\block_statement.h">
      <Filter>Header Files</Filter>
    </ClInclude>
    <ClInclude Include="src\codegen\codegen.h">
      <Filter>Header Files</Filter>
    </ClInclude>
    <ClInclude Include="src\parser\ast\statements\control_flow\return_statement.h">
      <Filter>Header Files</Filter>
    </ClInclude>
    <ClInclude Include="src\parser\ast\expressions\expression_statement.h">
      <Filter>Header Files</Filter>
    </ClInclude>
    <ClInclude Include="src\parser\ast\expressions\expression.h">
      <Filter>Header Files</Filter>
    </ClInclude>
    <ClInclude Include="src\parser\ast\expressions\literal.h">
      <Filter>Header Files</Filter>
    </ClInclude>
    <ClInclude Include="src\parser\ast\expressions\binary_expression.h">
      <Filter>Header Files</Filter>
    </ClInclude>
    <ClInclude Include="src\parser\ast\ast_visitor.h">
      <Filter>Header Files</Filter>
    </ClInclude>
    <ClInclude Include="src\parser\ast\statements\control_flow\if_statement.h">
      <Filter>Header Files</Filter>
    </ClInclude>
    <ClInclude Include="src\parser\ast\expressions\identifier_expression.h">
      <Filter>Header Files</Filter>
    </ClInclude>
    <ClInclude Include="src\parser\ast\expressions\function_call.h">
      <Filter>Header Files</Filter>
    </ClInclude>
    <ClInclude Include="src\codegen\codegen_visitor.h">
      <Filter>Header Files</Filter>
    </ClInclude>
    <ClInclude Include="src\parser\symbolics\symbol_table.h">
      <Filter>Header Files</Filter>
    </ClInclude>
    <ClInclude Include="src\parser\ast\declerations\type_decleration.h">
      <Filter>Header Files</Filter>
    </ClInclude>
    <ClInclude Include="src\parser\types\custom_types.h">
      <Filter>Header Files</Filter>
    </ClInclude>
    <ClInclude Include="src\error\error.h">
      <Filter>Header Files</Filter>
    </ClInclude>
    <ClInclude Include="src\parser\ast\statements\control_flow\for_loop.h">
      <Filter>Header Files</Filter>
    </ClInclude>
    <ClInclude Include="src\parser\ast\statements\control_flow\while_loop.h">
      <Filter>Header Files</Filter>
    </ClInclude>
    <ClInclude Include="src\interpreter\interpreter.h">
      <Filter>Header Files</Filter>
    </ClInclude>
    <ClInclude Include="src\interpreter\interpreter_visitor.h">
      <Filter>Header Files</Filter>
    </ClInclude>
    <ClInclude Include="src\parser\semantics\semantic_analyser.h">
      <Filter>Header Files</Filter>
    </ClInclude>
    <ClInclude Include="src\parser\ast\expressions\unary_expression.h">
      <Filter>Header Files</Filter>
    </ClInclude>
    <ClInclude Include="src\parser\ast\declerations\module_decleration.h">
      <Filter>Header Files</Filter>
    </ClInclude>
    <ClInclude Include="src\parser\ast\expressions\index_expression.h">
      <Filter>Header Files</Filter>
    </ClInclude>
    <ClInclude Include="src\interpreter\classes\runtime_value.h">
      <Filter>Header Files</Filter>
    </ClInclude>
    <ClInclude Include="src\interpreter\classes\function_return.h">
      <Filter>Header Files</Filter>
    </ClInclude>
    <ClInclude Include="src\parser\ast\declerations\operator_decleration.h">
      <Filter>Header Files</Filter>
    </ClInclude>
    <ClInclude Include="src\parser\ast\expressions\constructor_call.h">
      <Filter>Header Files</Filter>
    </ClInclude>
    <ClInclude Include="src\parser\ast\declerations\constructor_decleration.h">
      <Filter>Header Files</Filter>
    </ClInclude>
    <ClInclude Include="src\parser\ast\expressions\initializer_list.h">
      <Filter>Header Files</Filter>
    </ClInclude>
    <ClInclude Include="src\parser\semantics\passes\decleration_collector.h">
      <Filter>Header Files</Filter>
    </ClInclude>
    <ClInclude Include="src\parser\semantics\passes\type_resolver.h">
      <Filter>Header Files</Filter>
    </ClInclude>
    <ClInclude Include="src\parser\semantics\passes\name_resolver.h">
      <Filter>Header Files</Filter>
    </ClInclude>
    <ClInclude Include="src\parser\semantics\passes\type_checker.h">
      <Filter>Header Files</Filter>
    </ClInclude>
    <ClInclude Include="src\parser\compilation_pass.h">
      <Filter>Header Files</Filter>
    </ClInclude>
    <ClInclude Include="src\parser\semantics\passes\init_checker.h">
      <Filter>Header Files</Filter>
    </ClInclude>
    <ClInclude Include="src\parser\ast\expressions\assignment_expression.h">
      <Filter>Header Files</Filter>
    </ClInclude>
    <ClInclude Include="src\parser\semantics\passes\flow_analyzer.h">
      <Filter>Header Files</Filter>
    </ClInclude>
    <ClInclude Include="src\parser\ast\expressions\member_expression.h">
      <Filter>Header Files</Filter>
    </ClInclude>
    <ClInclude Include="src\parser\ast\expressions\this_expression.h">
      <Filter>Header Files</Filter>
    </ClInclude>
    <ClInclude Include="src\parser\ast\expressions\cast_expression.h">
      <Filter>Header Files</Filter>
    </ClInclude>
    <ClInclude Include="src\parser\ast\declerations\conversion_decleration.h">
      <Filter>Header Files</Filter>
    </ClInclude>
    <ClInclude Include="src\error\error_catalog.h">
      <Filter>Header Files</Filter>
    </ClInclude>
  </ItemGroup>
  <ItemGroup>
    <ClCompile Include="src\lexer\lexer.cpp">
      <Filter>Source Files</Filter>
    </ClCompile>
    <ClCompile Include="src\main.cpp">
      <Filter>Source Files</Filter>
    </ClCompile>
    <ClCompile Include="src\parser\parser.cpp">
      <Filter>Source Files</Filter>
    </ClCompile>
    <ClCompile Include="src\lexer\token_utils.cpp">
      <Filter>Source Files</Filter>
    </ClCompile>
    <ClCompile Include="src\parser\parser_utils.cpp">
      <Filter>Source Files</Filter>
    </ClCompile>
    <ClCompile Include="src\codegen\codegen.cpp">
      <Filter>Source Files</Filter>
    </ClCompile>
    <ClCompile Include="src\codegen\codegen_visitor.cpp">
      <Filter>Source Files</Filter>
    </ClCompile>
    <ClCompile Include="src\parser\symbolics\symbol_table.cpp">
      <Filter>Source Files</Filter>
    </ClCompile>
    <ClCompile Include="src\interpreter\interpreter_visitor.cpp">
      <Filter>Source Files</Filter>
    </ClCompile>
    <ClCompile Include="src\interpreter\interpreter.cpp">
      <Filter>Source Files</Filter>
    </ClCompile>
    <ClCompile Include="src\parser\semantics\semantic_analyser.cpp">
      <Filter>Source Files</Filter>
    </ClCompile>
    <ClCompile Include="src\parser\semantics\passes\decleration_collector.cpp">
      <Filter>Source Files</Filter>
    </ClCompile>
    <ClCompile Include="src\parser\ast\ast_visitor.cpp">
      <Filter>Source Files</Filter>
    </ClCompile>
    <ClCompile Include="src\parser\semantics\passes\type_resolver.cpp">
      <Filter>Source Files</Filter>
    </ClCompile>
    <ClCompile Include="src\parser\semantics\passes\name_resolver.cpp">
      <Filter>Source Files</Filter>
    </ClCompile>
    <ClCompile Include="src\parser\semantics\passes\type_checker.cpp">
      <Filter>Source Files</Filter>
    </ClCompile>
    <ClCompile Include="src\parser\semantics\passes\init_checker.cpp">
      <Filter>Source Files</Filter>
    </ClCompile>
    <ClCompile Include="src\parser\semantics\passes\flow_analyzer.cpp">
      <Filter>Source Files</Filter>
    </ClCompile>
    <ClCompile Include="src\parser\types\custom_types.cpp">
      <Filter>Source Files</Filter>
    </ClCompile>
  </ItemGroup>
</Project>