<?xml version="1.0" encoding="utf-8"?>
<Project ToolsVersion="4.0" xmlns="http://schemas.microsoft.com/developer/msbuild/2003">
  <ItemGroup>
    <Filter Include="Source Files">
      <UniqueIdentifier>{4FC737F1-C7A5-4376-A066-2A32D752A2FF}</UniqueIdentifier>
      <Extensions>cpp;c;cc;cxx;c++;cppm;ixx;def;odl;idl;hpj;bat;asm;asmx</Extensions>
    </Filter>
    <Filter Include="Header Files">
      <UniqueIdentifier>{93995380-89BD-4b04-88EB-625FBE52EBFB}</UniqueIdentifier>
      <Extensions>h;hh;hpp;hxx;h++;hm;inl;inc;ipp;xsd</Extensions>
    </Filter>
    <Filter Include="Resource Files">
      <UniqueIdentifier>{67DA6AB6-F800-4c08-8B7A-83BB121AAD01}</UniqueIdentifier>
      <Extensions>rc;ico;cur;bmp;dlg;rc2;rct;bin;rgs;gif;jpg;jpeg;jpe;resx;tiff;tif;png;wav;mfcribbon-ms</Extensions>
    </Filter>
  </ItemGroup>
  <ItemGroup>
    <ClInclude Include="src\lexer\token.h">
      <Filter>Header Files</Filter>
    </ClInclude>
    <ClInclude Include="src\lexer\token_type.h">
      <Filter>Header Files</Filter>
    </ClInclude>
    <ClInclude Include="src\lexer\lexer.h">
      <Filter>Header Files</Filter>
    </ClInclude>
    <ClInclude Include="src\parser\parser.h">
      <Filter>Header Files</Filter>
    </ClInclude>
    <ClInclude Include="src\lexer\token_utils.h">
      <Filter>Header Files</Filter>
    </ClInclude>
    <ClInclude Include="src\parser\ast\ast_node.h">
      <Filter>Header Files</Filter>
    </ClInclude>
    <ClInclude Include="src\parser\ast\compilation_unit.h">
      <Filter>Header Files</Filter>
    </ClInclude>
    <ClInclude Include="src\parser\ast\ast.h">
      <Filter>Header Files</Filter>
    </ClInclude>
    <ClInclude Include="src\parser\types\types.h">
      <Filter>Header Files</Filter>
    </ClInclude>
    <ClInclude Include="src\parser\parser_utils.h">
      <Filter>Header Files</Filter>
    </ClInclude>
    <ClInclude Include="src\parser\ast\declarations\function_declaration.h">
      <Filter>Header Files</Filter>
    </ClInclude>
    <ClInclude Include="src\parser\ast\declarations\variable_declaration.h">
      <Filter>Header Files</Filter>
    </ClInclude>
    <ClInclude Include="src\parser\ast\statements\block_statement.h">
      <Filter>Header Files</Filter>
    </ClInclude>
    <ClInclude Include="src\codegen\codegen.h">
      <Filter>Header Files</Filter>
    </ClInclude>
    <ClInclude Include="src\parser\ast\statements\control_flow\return_statement.h">
      <Filter>Header Files</Filter>
    </ClInclude>
    <ClInclude Include="src\parser\ast\expressions\expression_statement.h">
      <Filter>Header Files</Filter>
    </ClInclude>
    <ClInclude Include="src\parser\ast\expressions\expression.h">
      <Filter>Header Files</Filter>
    </ClInclude>
    <ClInclude Include="src\parser\ast\expressions\literal.h">
      <Filter>Header Files</Filter>
    </ClInclude>
    <ClInclude Include="src\parser\ast\expressions\binary_expression.h">
      <Filter>Header Files</Filter>
    </ClInclude>
    <ClInclude Include="src\parser\ast\ast_visitor.h">
      <Filter>Header Files</Filter>
    </ClInclude>
    <ClInclude Include="src\parser\ast\statements\control_flow\if_statement.h">
      <Filter>Header Files</Filter>
    </ClInclude>
    <ClInclude Include="src\parser\ast\expressions\identifier_expression.h">
      <Filter>Header Files</Filter>
    </ClInclude>
    <ClInclude Include="src\parser\ast\expressions\function_call.h">
      <Filter>Header Files</Filter>
    </ClInclude>
    <ClInclude Include="src\codegen\codegen_visitor.h">
      <Filter>Header Files</Filter>
    </ClInclude>
    <ClInclude Include="src\parser\symbolics\symbol_table.h">
      <Filter>Header Files</Filter>
    </ClInclude>
    <ClInclude Include="src\parser\ast\declarations\type_declaration.h">
      <Filter>Header Files</Filter>
    </ClInclude>
    <ClInclude Include="src\parser\types\custom_types.h">
      <Filter>Header Files</Filter>
    </ClInclude>
    <ClInclude Include="src\error\error.h">
      <Filter>Header Files</Filter>
    </ClInclude>
    <ClInclude Include="src\parser\ast\statements\control_flow\for_loop.h">
      <Filter>Header Files</Filter>
    </ClInclude>
    <ClInclude Include="src\parser\ast\statements\control_flow\while_loop.h">
      <Filter>Header Files</Filter>
    </ClInclude>
    <ClInclude Include="src\interpreter\interpreter.h">
      <Filter>Header Files</Filter>
    </ClInclude>
    <ClInclude Include="src\interpreter\interpreter_visitor.h">
      <Filter>Header Files</Filter>
    </ClInclude>
    <ClInclude Include="src\parser\ast\expressions\unary_expression.h">
      <Filter>Header Files</Filter>
    </ClInclude>
    <ClInclude Include="src\parser\ast\declarations\module_declaration.h">
      <Filter>Header Files</Filter>
    </ClInclude>
    <ClInclude Include="src\parser\ast\expressions\index_expression.h">
      <Filter>Header Files</Filter>
    </ClInclude>
    <ClInclude Include="src\interpreter\classes\runtime_value.h">
      <Filter>Header Files</Filter>
    </ClInclude>
    <ClInclude Include="src\interpreter\classes\function_return.h">
      <Filter>Header Files</Filter>
    </ClInclude>
    <ClInclude Include="src\parser\ast\declarations\operator_declaration.h">
      <Filter>Header Files</Filter>
    </ClInclude>
    <ClInclude Include="src\parser\ast\expressions\constructor_call.h">
      <Filter>Header Files</Filter>
    </ClInclude>
    <ClInclude Include="src\parser\ast\declarations\constructor_declaration.h">
      <Filter>Header Files</Filter>
    </ClInclude>
    <ClInclude Include="src\parser\ast\expressions\initializer_list.h">
      <Filter>Header Files</Filter>
    </ClInclude>
    <ClInclude Include="src\parser\semantics\declaration_collector.h">
      <Filter>Header Files</Filter>
    </ClInclude>
    <ClInclude Include="src\parser\semantics\type_resolver.h">
      <Filter>Header Files</Filter>
    </ClInclude>
    <ClInclude Include="src\parser\semantics\name_resolver.h">
      <Filter>Header Files</Filter>
    </ClInclude>
    <ClInclude Include="src\parser\semantics\type_checker.h">
      <Filter>Header Files</Filter>
    </ClInclude>
    <ClInclude Include="src\parser\compilation_pass.h">
      <Filter>Header Files</Filter>
    </ClInclude>
    <ClInclude Include="src\parser\semantics\init_checker.h">
      <Filter>Header Files</Filter>
    </ClInclude>
    <ClInclude Include="src\parser\ast\expressions\assignment_expression.h">
      <Filter>Header Files</Filter>
    </ClInclude>
    <ClInclude Include="src\parser\semantics\flow_analyzer.h">
      <Filter>Header Files</Filter>
    </ClInclude>
    <ClInclude Include="src\parser\ast\expressions\member_expression.h">
      <Filter>Header Files</Filter>
    </ClInclude>
    <ClInclude Include="src\parser\ast\expressions\this_expression.h">
      <Filter>Header Files</Filter>
    </ClInclude>
    <ClInclude Include="src\parser\ast\expressions\cast_expression.h">
      <Filter>Header Files</Filter>
    </ClInclude>
    <ClInclude Include="src\parser\ast\declarations\conversion_declaration.h">
      <Filter>Header Files</Filter>
    </ClInclude>
    <ClInclude Include="src\error\error_catalog.h">
      <Filter>Header Files</Filter>
    </ClInclude>
    <ClInclude Include="src\config\compile_config.h">
      <Filter>Header Files</Filter>
    </ClInclude>
    <ClInclude Include="src\config\console_args.h">
      <Filter>Header Files</Filter>
    </ClInclude>
    <ClInclude Include="src\parser\semantics\import_resolver.h">
      <Filter>Header Files</Filter>
    </ClInclude>
    <ClInclude Include="src\parser\ast\statements\import_statement.h">
      <Filter>Header Files</Filter>
    </ClInclude>
    <ClInclude Include="src\parser\ast\declarations\declaration.h">
      <Filter>Header Files</Filter>
    </ClInclude>
    <ClInclude Include="src\parser\modules\module_manager.h">
      <Filter>Header Files</Filter>
    </ClInclude>
    <ClInclude Include="src\parser\modules\module_info.h">
      <Filter>Header Files</Filter>
    </ClInclude>
    <ClInclude Include="src\parser\symbolics\import_table.h">
      <Filter>Header Files</Filter>
    </ClInclude>
    <ClInclude Include="src\parser\symbolics\symbol_resolver.h">
      <Filter>Header Files</Filter>
    </ClInclude>
    <ClInclude Include="src\parser\types\core.h">
      <Filter>Header Files</Filter>
    </ClInclude>
    <ClInclude Include="src\stproj\stproj_file.h">
      <Filter>Header Files</Filter>
    </ClInclude>
    <ClInclude Include="src\error\error_printer.h">
      <Filter>Header Files</Filter>
    </ClInclude>
    <ClInclude Include="src\compiler.h">
      <Filter>Header Files</Filter>
    </ClInclude>
    <ClInclude Include="lib\toml++\impl\array.hpp">
      <Filter>Header Files</Filter>
    </ClInclude>
    <ClInclude Include="lib\toml++\impl\at_path.hpp">
      <Filter>Header Files</Filter>
    </ClInclude>
    <ClInclude Include="lib\toml++\impl\date_time.hpp">
      <Filter>Header Files</Filter>
    </ClInclude>
    <ClInclude Include="lib\toml++\impl\formatter.hpp">
      <Filter>Header Files</Filter>
    </ClInclude>
    <ClInclude Include="lib\toml++\impl\forward_declarations.hpp">
      <Filter>Header Files</Filter>
    </ClInclude>
    <ClInclude Include="lib\toml++\impl\header_end.hpp">
      <Filter>Header Files</Filter>
    </ClInclude>
    <ClInclude Include="lib\toml++\impl\header_start.hpp">
      <Filter>Header Files</Filter>
    </ClInclude>
    <ClInclude Include="lib\toml++\impl\json_formatter.hpp">
      <Filter>Header Files</Filter>
    </ClInclude>
    <ClInclude Include="lib\toml++\impl\key.hpp">
      <Filter>Header Files</Filter>
    </ClInclude>
    <ClInclude Include="lib\toml++\impl\make_node.hpp">
      <Filter>Header Files</Filter>
    </ClInclude>
    <ClInclude Include="lib\toml++\impl\node.hpp">
      <Filter>Header Files</Filter>
    </ClInclude>
    <ClInclude Include="lib\toml++\impl\node_view.hpp">
      <Filter>Header Files</Filter>
    </ClInclude>
    <ClInclude Include="lib\toml++\impl\parse_error.hpp">
      <Filter>Header Files</Filter>
    </ClInclude>
    <ClInclude Include="lib\toml++\impl\parse_result.hpp">
      <Filter>Header Files</Filter>
    </ClInclude>
    <ClInclude Include="lib\toml++\impl\parser.hpp">
      <Filter>Header Files</Filter>
    </ClInclude>
    <ClInclude Include="lib\toml++\impl\path.hpp">
      <Filter>Header Files</Filter>
    </ClInclude>
    <ClInclude Include="lib\toml++\impl\preprocessor.hpp">
      <Filter>Header Files</Filter>
    </ClInclude>
    <ClInclude Include="lib\toml++\impl\print_to_stream.hpp">
      <Filter>Header Files</Filter>
    </ClInclude>
    <ClInclude Include="lib\toml++\impl\simd.hpp">
      <Filter>Header Files</Filter>
    </ClInclude>
    <ClInclude Include="lib\toml++\impl\source_region.hpp">
      <Filter>Header Files</Filter>
    </ClInclude>
    <ClInclude Include="lib\toml++\impl\std_except.hpp">
      <Filter>Header Files</Filter>
    </ClInclude>
    <ClInclude Include="lib\toml++\impl\std_initializer_list.hpp">
      <Filter>Header Files</Filter>
    </ClInclude>
    <ClInclude Include="lib\toml++\impl\std_map.hpp">
      <Filter>Header Files</Filter>
    </ClInclude>
    <ClInclude Include="lib\toml++\impl\std_new.hpp">
      <Filter>Header Files</Filter>
    </ClInclude>
    <ClInclude Include="lib\toml++\impl\std_optional.hpp">
      <Filter>Header Files</Filter>
    </ClInclude>
    <ClInclude Include="lib\toml++\impl\std_string.hpp">
      <Filter>Header Files</Filter>
    </ClInclude>
    <ClInclude Include="lib\toml++\impl\std_utility.hpp">
      <Filter>Header Files</Filter>
    </ClInclude>
    <ClInclude Include="lib\toml++\impl\std_variant.hpp">
      <Filter>Header Files</Filter>
    </ClInclude>
    <ClInclude Include="lib\toml++\impl\std_vector.hpp">
      <Filter>Header Files</Filter>
    </ClInclude>
    <ClInclude Include="lib\toml++\impl\table.hpp">
      <Filter>Header Files</Filter>
    </ClInclude>
    <ClInclude Include="lib\toml++\impl\toml_formatter.hpp">
      <Filter>Header Files</Filter>
    </ClInclude>
    <ClInclude Include="lib\toml++\impl\unicode.hpp">
      <Filter>Header Files</Filter>
    </ClInclude>
    <ClInclude Include="lib\toml++\impl\unicode_autogenerated.hpp">
      <Filter>Header Files</Filter>
    </ClInclude>
    <ClInclude Include="lib\toml++\impl\value.hpp">
      <Filter>Header Files</Filter>
    </ClInclude>
    <ClInclude Include="lib\toml++\impl\version.hpp">
      <Filter>Header Files</Filter>
    </ClInclude>
    <ClInclude Include="lib\toml++\impl\yaml_formatter.hpp">
      <Filter>Header Files</Filter>
    </ClInclude>
    <ClInclude Include="lib\toml++\toml.hpp">
      <Filter>Header Files</Filter>
    </ClInclude>
    <ClInclude Include="src\stproj\source_file.h">
      <Filter>Header Files</Filter>
    </ClInclude>
    <ClInclude Include="src\stproj\stlib\stlib_file.h">
      <Filter>Header Files</Filter>
    </ClInclude>
    <ClInclude Include="src\parser\ast\statements\inline_if.h">
      <Filter>Header Files</Filter>
    </ClInclude>
    <ClInclude Include="src\parser\types\container_types.h">
      <Filter>Header Files</Filter>
    </ClInclude>
  </ItemGroup>
  <ItemGroup>
    <ClCompile Include="src\lexer\lexer.cpp">
      <Filter>Source Files</Filter>
    </ClCompile>
    <ClCompile Include="src\main.cpp">
      <Filter>Source Files</Filter>
    </ClCompile>
    <ClCompile Include="src\parser\parser.cpp">
      <Filter>Source Files</Filter>
    </ClCompile>
    <ClCompile Include="src\lexer\token_utils.cpp">
      <Filter>Source Files</Filter>
    </ClCompile>
    <ClCompile Include="src\parser\parser_utils.cpp">
      <Filter>Source Files</Filter>
    </ClCompile>
    <ClCompile Include="src\codegen\codegen.cpp">
      <Filter>Source Files</Filter>
    </ClCompile>
    <ClCompile Include="src\codegen\codegen_visitor.cpp">
      <Filter>Source Files</Filter>
    </ClCompile>
    <ClCompile Include="src\parser\symbolics\symbol_table.cpp">
      <Filter>Source Files</Filter>
    </ClCompile>
    <ClCompile Include="src\interpreter\interpreter_visitor.cpp">
      <Filter>Source Files</Filter>
    </ClCompile>
    <ClCompile Include="src\interpreter\interpreter.cpp">
      <Filter>Source Files</Filter>
    </ClCompile>
    <ClCompile Include="src\parser\semantics\declaration_collector.cpp">
      <Filter>Source Files</Filter>
    </ClCompile>
    <ClCompile Include="src\parser\ast\ast_visitor.cpp">
      <Filter>Source Files</Filter>
    </ClCompile>
    <ClCompile Include="src\parser\semantics\type_resolver.cpp">
      <Filter>Source Files</Filter>
    </ClCompile>
    <ClCompile Include="src\parser\semantics\name_resolver.cpp">
      <Filter>Source Files</Filter>
    </ClCompile>
    <ClCompile Include="src\parser\semantics\type_checker.cpp">
      <Filter>Source Files</Filter>
    </ClCompile>
    <ClCompile Include="src\parser\semantics\init_checker.cpp">
      <Filter>Source Files</Filter>
    </ClCompile>
    <ClCompile Include="src\parser\semantics\flow_analyzer.cpp">
      <Filter>Source Files</Filter>
    </ClCompile>
    <ClCompile Include="src\parser\types\custom_types.cpp">
      <Filter>Source Files</Filter>
    </ClCompile>
    <ClCompile Include="src\config\console_args.cpp">
      <Filter>Source Files</Filter>
    </ClCompile>
    <ClCompile Include="src\parser\semantics\import_resolver.cpp">
      <Filter>Source Files</Filter>
    </ClCompile>
    <ClCompile Include="src\parser\modules\module_manager.cpp">
      <Filter>Source Files</Filter>
    </ClCompile>
    <ClCompile Include="src\parser\symbolics\symbol_resolver.cpp">
      <Filter>Source Files</Filter>
    </ClCompile>
    <ClCompile Include="src\parser\types\core.cpp">
      <Filter>Source Files</Filter>
    </ClCompile>
    <ClCompile Include="src\stproj\stproj_file.cpp">
      <Filter>Source Files</Filter>
    </ClCompile>
    <ClCompile Include="src\compiler.cpp">
      <Filter>Source Files</Filter>
    </ClCompile>
    <ClCompile Include="src\parser\symbolics\import_table.cpp">
      <Filter>Source Files</Filter>
    </ClCompile>
    <ClCompile Include="src\stproj\source_file.cpp">
      <Filter>Source Files</Filter>
    </ClCompile>
    <ClCompile Include="src\parser\types\types.cpp">
      <Filter>Source Files</Filter>
    </ClCompile>
    <ClCompile Include="src\stproj\stlib\stlib_file.cpp">
      <Filter>Source Files</Filter>
    </ClCompile>
    <ClCompile Include="src\parser\types\container_types.cpp">
      <Filter>Source Files</Filter>
    </ClCompile>
  </ItemGroup>
  <ItemGroup>
    <None Include="lib\toml++\impl\array.inl">
      <Filter>Header Files</Filter>
    </None>
    <None Include="lib\toml++\impl\at_path.inl">
      <Filter>Header Files</Filter>
    </None>
    <None Include="lib\toml++\impl\formatter.inl">
      <Filter>Header Files</Filter>
    </None>
    <None Include="lib\toml++\impl\json_formatter.inl">
      <Filter>Header Files</Filter>
    </None>
    <None Include="lib\toml++\impl\node.inl">
      <Filter>Header Files</Filter>
    </None>
    <None Include="lib\toml++\impl\parser.inl">
      <Filter>Header Files</Filter>
    </None>
    <None Include="lib\toml++\impl\path.inl">
      <Filter>Header Files</Filter>
    </None>
    <None Include="lib\toml++\impl\print_to_stream.inl">
      <Filter>Header Files</Filter>
    </None>
    <None Include="lib\toml++\impl\std_string.inl">
      <Filter>Header Files</Filter>
    </None>
    <None Include="lib\toml++\impl\table.inl">
      <Filter>Header Files</Filter>
    </None>
    <None Include="lib\toml++\impl\toml_formatter.inl">
      <Filter>Header Files</Filter>
    </None>
    <None Include="lib\toml++\impl\unicode.inl">
      <Filter>Header Files</Filter>
    </None>
    <None Include="lib\toml++\impl\yaml_formatter.inl">
      <Filter>Header Files</Filter>
    </None>
  </ItemGroup>
</Project>